
Microsoft Visual Studio Solution File, Format Version 12.00
# Visual Studio Version 16
VisualStudioVersion = 16.0.31410.357
MinimumVisualStudioVersion = 10.0.40219.1
Project("{FAE04EC0-301F-11D3-BF4B-00C04F79EFBC}") = "VisioCustomMenu", "VisioCustomMenu.csproj", "{C27BA196-7C8F-41A4-ACB3-3923ECB893F4}"
EndProject
Global
	GlobalSection(SolutionConfigurationPlatforms) = preSolution
		Debug|Any CPU = Debug|Any CPU
		Release|Any CPU = Release|Any CPU
	EndGlobalSection
	GlobalSection(ProjectConfigurationPlatforms) = postSolution
		{C27BA196-7C8F-41A4-ACB3-3923ECB893F4}.Debug|Any CPU.ActiveCfg = Debug|Any CPU
		{C27BA196-7C8F-41A4-ACB3-3923ECB893F4}.Debug|Any CPU.Build.0 = Debug|Any CPU
		{C27BA196-7C8F-41A4-ACB3-3923ECB893F4}.Release|Any CPU.ActiveCfg = Release|Any CPU
		{C27BA196-7C8F-41A4-ACB3-3923ECB893F4}.Release|Any CPU.Build.0 = Release|Any CPU
	EndGlobalSection
	GlobalSection(SolutionProperties) = preSolution
		HideSolutionNode = FALSE
	EndGlobalSection
	GlobalSection(ExtensibilityGlobals) = postSolution
		SolutionGuid = {94B51AB5-66F6-463A-99FF-C1C851BEE251}
	EndGlobalSection
EndGlobal
